
Microsoft Visual Studio Solution File, Format Version 12.00
# Visual Studio Version 17
VisualStudioVersion = 17.8.34219.65
MinimumVisualStudioVersion = 10.0.40219.1
Project("{9A19103F-16F7-4668-BE54-9A1E7A4F7556}") = "MenuBarDemo", "MenuBarDemo\MenuBarDemo.csproj", "{F9C3116D-6ACA-494C-8C73-64E905D745CC}"
EndProject
Global
	GlobalSection(SolutionConfigurationPlatforms) = preSolution
		Debug|Any CPU = Debug|Any CPU
		Release|Any CPU = Release|Any CPU
	EndGlobalSection
	GlobalSection(ProjectConfigurationPlatforms) = postSolution
		{F9C3116D-6ACA-494C-8C73-64E905D745CC}.Debug|Any CPU.ActiveCfg = Debug|Any CPU
		{F9C3116D-6ACA-494C-8C73-64E905D745CC}.Debug|Any CPU.Build.0 = Debug|Any CPU
		{F9C3116D-6ACA-494C-8C73-64E905D745CC}.Debug|Any CPU.Deploy.0 = Debug|Any CPU
		{F9C3116D-6ACA-494C-8C73-64E905D745CC}.Release|Any CPU.ActiveCfg = Release|Any CPU
		{F9C3116D-6ACA-494C-8C73-64E905D745CC}.Release|Any CPU.Build.0 = Release|Any CPU
	EndGlobalSection
	GlobalSection(SolutionProperties) = preSolution
		HideSolutionNode = FALSE
	EndGlobalSection
	GlobalSection(ExtensibilityGlobals) = postSolution
		SolutionGuid = {125720DC-73A1-48EE-87C4-E6C98B519305}
	EndGlobalSection
EndGlobal
